schema: '2.0'
stages:
  data_ingestion:
    cmd: python src/data_ingestion.py
    deps:
    - path: experiments/anime_with_synopsis.csv
      hash: md5
      md5: 9beb25f8ee3fa736d517d2801f35c18f
      size: 7238059
    - path: src/data_ingestion.py
      hash: md5
      md5: 68602ed9fb1452a4209272a97aa6f6dc
      size: 1063
    outs:
    - path: data/raw/data.csv
      hash: md5
      md5: 21f8ad7bf3dae06e99f56c325848ae51
      size: 7219726
  data_preprocessing:
    cmd: python src/data_preprocessing.py
    deps:
    - path: data/raw/data.csv
      hash: md5
      md5: 21f8ad7bf3dae06e99f56c325848ae51
      size: 7219726
    - path: src/data_preprocessing.py
      hash: md5
      md5: 5b50996192c6c761ec16f921b23358b7
      size: 1339
    outs:
    - path: data/processed/data_processed.csv
      hash: md5
      md5: 6070092be814c69bd0862c2ca6de3f34
      size: 4773421
